// !$*UTF8*$!
{
	archiveVersion = 1;
	classes = {
	};
	objectVersion = 50;
	objects = {

/* Begin PBXBuildFile section */
		201F24E2252657DD00448CF3 /* digital_clock_201001.gif in Resources */ = {isa = PBXBuildFile; fileRef = 201F24E1252657DD00448CF3 /* digital_clock_201001.gif */; };
		207867652512648D00A41F4A /* DisplayDigit.swift in Sources */ = {isa = PBXBuildFile; fileRef = 207867642512648D00A41F4A /* DisplayDigit.swift */; };
		20786767251270B600A41F4A /* DigitLeds.swift in Sources */ = {isa = PBXBuildFile; fileRef = 20786766251270B600A41F4A /* DigitLeds.swift */; };
		2084FB062511001600506202 /* DigitalClockApp.swift in Sources */ = {isa = PBXBuildFile; fileRef = 2084FB052511001600506202 /* DigitalClockApp.swift */; };
		2084FB082511001600506202 /* ContentView.swift in Sources */ = {isa = PBXBuildFile; fileRef = 2084FB072511001600506202 /* ContentView.swift */; };
		2084FB0A2511001700506202 /* Assets.xcassets in Resources */ = {isa = PBXBuildFile; fileRef = 2084FB092511001700506202 /* Assets.xcassets */; };
		2084FB0D2511001700506202 /* Preview Assets.xcassets in Resources */ = {isa = PBXBuildFile; fileRef = 2084FB0C2511001700506202 /* Preview Assets.xcassets */; };
		2084FB182511001700506202 /* DigitalClockTests.swift in Sources */ = {isa = PBXBuildFile; fileRef = 2084FB172511001700506202 /* DigitalClockTests.swift */; };
		2084FB232511001700506202 /* DigitalClockUITests.swift in Sources */ = {isa = PBXBuildFile; fileRef = 2084FB222511001700506202 /* DigitalClockUITests.swift */; };
/* End PBXBuildFile section */

/* Begin PBXContainerItemProxy section */
		2084FB142511001700506202 /* PBXContainerItemProxy */ = {
			isa = PBXContainerItemProxy;
			containerPortal = 2084FAFA2511001600506202 /* Project object */;
			proxyType = 1;
			remoteGlobalIDString = 2084FB012511001600506202;
			remoteInfo = DigitalClock;
		};
		2084FB1F2511001700506202 /* PBXContainerItemProxy */ = {
			isa = PBXContainerItemProxy;
			containerPortal = 2084FAFA2511001600506202 /* Project object */;
			proxyType = 1;
			remoteGlobalIDString = 2084FB012511001600506202;
			remoteInfo = DigitalClock;
		};
/* End PBXContainerItemProxy section */

/* Begin PBXFileReference section */
		201F24E1252657DD00448CF3 /* digital_clock_201001.gif */ = {isa = PBXFileReference; lastKnownFileType = image.gif; path = digital_clock_201001.gif; sourceTree = "<group>"; };
		202D262D251BE8B3004DE281 /* README.md */ = {isa = PBXFileReference; lastKnownFileType = net.daringfireball.markdown; path = README.md; sourceTree = "<group>"; };
		207867642512648D00A41F4A /* DisplayDigit.swift */ = {isa = PBXFileReference; lastKnownFileType = sourcecode.swift; path = DisplayDigit.swift; sourceTree = "<group>"; };
		20786766251270B600A41F4A /* DigitLeds.swift */ = {isa = PBXFileReference; lastKnownFileType = sourcecode.swift; path = DigitLeds.swift; sourceTree = "<group>"; };
		2084FB022511001600506202 /* DigitalClock.app */ = {isa = PBXFileReference; explicitFileType = wrapper.application; includeInIndex = 0; path = DigitalClock.app; sourceTree = BUILT_PRODUCTS_DIR; };
		2084FB052511001600506202 /* DigitalClockApp.swift */ = {isa = PBXFileReference; lastKnownFileType = sourcecode.swift; path = DigitalClockApp.swift; sourceTree = "<group>"; };
		2084FB072511001600506202 /* ContentView.swift */ = {isa = PBXFileReference; lastKnownFileType = sourcecode.swift; path = ContentView.swift; sourceTree = "<group>"; };
		2084FB092511001700506202 /* Assets.xcassets */ = {isa = PBXFileReference; lastKnownFileType = folder.assetcatalog; path = Assets.xcassets; sourceTree = "<group>"; };
		2084FB0C2511001700506202 /* Preview Assets.xcassets */ = {isa = PBXFileReference; lastKnownFileType = folder.assetcatalog; path = "Preview Assets.xcassets"; sourceTree = "<group>"; };
		2084FB0E2511001700506202 /* Info.plist */ = {isa = PBXFileReference; lastKnownFileType = text.plist.xml; path = Info.plist; sourceTree = "<group>"; };
		2084FB132511001700506202 /* DigitalClockTests.xctest */ = {isa = PBXFileReference; explicitFileType = wrapper.cfbundle; includeInIndex = 0; path = DigitalClockTests.xctest; sourceTree = BUILT_PRODUCTS_DIR; };
		2084FB172511001700506202 /* DigitalClockTests.swift */ = {isa = PBXFileReference; lastKnownFileType = sourcecode.swift; path = DigitalClockTests.swift; sourceTree = "<group>"; };
		2084FB192511001700506202 /* Info.plist */ = {isa = PBXFileReference; lastKnownFileType = text.plist.xml; path = Info.plist; sourceTree = "<group>"; };
		2084FB1E2511001700506202 /* DigitalClockUITests.xctest */ = {isa = PBXFileReference; explicitFileType = wrapper.cfbundle; includeInIndex = 0; path = DigitalClockUITests.xctest; sourceTree = BUILT_PRODUCTS_DIR; };
		2084FB222511001700506202 /* DigitalClockUITests.swift */ = {isa = PBXFileReference; lastKnownFileType = sourcecode.swift; path = DigitalClockUITests.swift; sourceTree = "<group>"; };
		2084FB242511001700506202 /* Info.plist */ = {isa = PBXFileReference; lastKnownFileType = text.plist.xml; path = Info.plist; sourceTree = "<group>"; };
/* End PBXFileReference section */

/* Begin PBXFrameworksBuildPhase section */
		2084FAFF2511001600506202 /* Frameworks */ = {
			isa = PBXFrameworksBuildPhase;
			buildActionMask = 2147483647;
			files = (
			);
			runOnlyForDeploymentPostprocessing = 0;
		};
		2084FB102511001700506202 /* Frameworks */ = {
			isa = PBXFrameworksBuildPhase;
			buildActionMask = 2147483647;
			files = (
			);
			runOnlyForDeploymentPostprocessing = 0;
		};
		2084FB1B2511001700506202 /* Frameworks */ = {
			isa = PBXFrameworksBuildPhase;
			buildActionMask = 2147483647;
			files = (
			);
			runOnlyForDeploymentPostprocessing = 0;
		};
/* End PBXFrameworksBuildPhase section */

/* Begin PBXGroup section */
		2078676025125E9F00A41F4A /* Model */ = {
			isa = PBXGroup;
			children = (
				20786766251270B600A41F4A /* DigitLeds.swift */,
			);
			path = Model;
			sourceTree = "<group>";
		};
		2084FAF92511001600506202 = {
			isa = PBXGroup;
			children = (
				202D262D251BE8B3004DE281 /* README.md */,
				201F24E1252657DD00448CF3 /* digital_clock_201001.gif */,
				2084FB042511001600506202 /* DigitalClock */,
				2084FB162511001700506202 /* DigitalClockTests */,
				2084FB212511001700506202 /* DigitalClockUITests */,
				2084FB032511001600506202 /* Products */,
			);
			sourceTree = "<group>";
		};
		2084FB032511001600506202 /* Products */ = {
			isa = PBXGroup;
			children = (
				2084FB022511001600506202 /* DigitalClock.app */,
				2084FB132511001700506202 /* DigitalClockTests.xctest */,
				2084FB1E2511001700506202 /* DigitalClockUITests.xctest */,
			);
			name = Products;
			sourceTree = "<group>";
		};
		2084FB042511001600506202 /* DigitalClock */ = {
			isa = PBXGroup;
			children = (
				2078676025125E9F00A41F4A /* Model */,
				2084FB052511001600506202 /* DigitalClockApp.swift */,
				2084FB072511001600506202 /* ContentView.swift */,
				207867642512648D00A41F4A /* DisplayDigit.swift */,
				2084FB092511001700506202 /* Assets.xcassets */,
				2084FB0E2511001700506202 /* Info.plist */,
				2084FB0B2511001700506202 /* Preview Content */,
			);
			path = DigitalClock;
			sourceTree = "<group>";
		};
		2084FB0B2511001700506202 /* Preview Content */ = {
			isa = PBXGroup;
			children = (
				2084FB0C2511001700506202 /* Preview Assets.xcassets */,
			);
			path = "Preview Content";
			sourceTree = "<group>";
		};
		2084FB162511001700506202 /* DigitalClockTests */ = {
			isa = PBXGroup;
			children = (
				2084FB172511001700506202 /* DigitalClockTests.swift */,
				2084FB192511001700506202 /* Info.plist */,
			);
			path = DigitalClockTests;
			sourceTree = "<group>";
		};
		2084FB212511001700506202 /* DigitalClockUITests */ = {
			isa = PBXGroup;
			children = (
				2084FB222511001700506202 /* DigitalClockUITests.swift */,
				2084FB242511001700506202 /* Info.plist */,
			);
			path = DigitalClockUITests;
			sourceTree = "<group>";
		};
/* End PBXGroup section */

/* Begin PBXNativeTarget section */
		2084FB012511001600506202 /* DigitalClock */ = {
			isa = PBXNativeTarget;
			buildConfigurationList = 2084FB272511001700506202 /* Build configuration list for PBXNativeTarget "DigitalClock" */;
			buildPhases = (
				2084FAFE2511001600506202 /* Sources */,
				2084FAFF2511001600506202 /* Frameworks */,
				2084FB002511001600506202 /* Resources */,
			);
			buildRules = (
			);
			dependencies = (
			);
			name = DigitalClock;
			productName = DigitalClock;
			productReference = 2084FB022511001600506202 /* DigitalClock.app */;
			productType = "com.apple.product-type.application";
		};
		2084FB122511001700506202 /* DigitalClockTests */ = {
			isa = PBXNativeTarget;
			buildConfigurationList = 2084FB2A2511001700506202 /* Build configuration list for PBXNativeTarget "DigitalClockTests" */;
			buildPhases = (
				2084FB0F2511001700506202 /* Sources */,
				2084FB102511001700506202 /* Frameworks */,
				2084FB112511001700506202 /* Resources */,
			);
			buildRules = (
			);
			dependencies = (
				2084FB152511001700506202 /* PBXTargetDependency */,
			);
			name = DigitalClockTests;
			productName = DigitalClockTests;
			productReference = 2084FB132511001700506202 /* DigitalClockTests.xctest */;
			productType = "com.apple.product-type.bundle.unit-test";
		};
		2084FB1D2511001700506202 /* DigitalClockUITests */ = {
			isa = PBXNativeTarget;
			buildConfigurationList = 2084FB2D2511001700506202 /* Build configuration list for PBXNativeTarget "DigitalClockUITests" */;
			buildPhases = (
				2084FB1A2511001700506202 /* Sources */,
				2084FB1B2511001700506202 /* Frameworks */,
				2084FB1C2511001700506202 /* Resources */,
			);
			buildRules = (
			);
			dependencies = (
				2084FB202511001700506202 /* PBXTargetDependency */,
			);
			name = DigitalClockUITests;
			productName = DigitalClockUITests;
			productReference = 2084FB1E2511001700506202 /* DigitalClockUITests.xctest */;
			productType = "com.apple.product-type.bundle.ui-testing";
		};
/* End PBXNativeTarget section */

/* Begin PBXProject section */
		2084FAFA2511001600506202 /* Project object */ = {
			isa = PBXProject;
			attributes = {
				LastSwiftUpdateCheck = 1200;
				LastUpgradeCheck = 1200;
				TargetAttributes = {
					2084FB012511001600506202 = {
						CreatedOnToolsVersion = 12.0;
					};
					2084FB122511001700506202 = {
						CreatedOnToolsVersion = 12.0;
						TestTargetID = 2084FB012511001600506202;
					};
					2084FB1D2511001700506202 = {
						CreatedOnToolsVersion = 12.0;
						TestTargetID = 2084FB012511001600506202;
					};
				};
			};
			buildConfigurationList = 2084FAFD2511001600506202 /* Build configuration list for PBXProject "DigitalClock" */;
			compatibilityVersion = "Xcode 9.3";
			developmentRegion = en;
			hasScannedForEncodings = 0;
			knownRegions = (
				en,
				Base,
			);
			mainGroup = 2084FAF92511001600506202;
			productRefGroup = 2084FB032511001600506202 /* Products */;
			projectDirPath = "";
			projectRoot = "";
			targets = (
				2084FB012511001600506202 /* DigitalClock */,
				2084FB122511001700506202 /* DigitalClockTests */,
				2084FB1D2511001700506202 /* DigitalClockUITests */,
			);
		};
/* End PBXProject section */

/* Begin PBXResourcesBuildPhase section */
		2084FB002511001600506202 /* Resources */ = {
			isa = PBXResourcesBuildPhase;
			buildActionMask = 2147483647;
			files = (
				2084FB0D2511001700506202 /* Preview Assets.xcassets in Resources */,
				201F24E2252657DD00448CF3 /* digital_clock_201001.gif in Resources */,
				2084FB0A2511001700506202 /* Assets.xcassets in Resources */,
			);
			runOnlyForDeploymentPostprocessing = 0;
		};
		2084FB112511001700506202 /* Resources */ = {
			isa = PBXResourcesBuildPhase;
			buildActionMask = 2147483647;
			files = (
			);
			runOnlyForDeploymentPostprocessing = 0;
		};
		2084FB1C2511001700506202 /* Resources */ = {
			isa = PBXResourcesBuildPhase;
			buildActionMask = 2147483647;
			files = (
			);
			runOnlyForDeploymentPostprocessing = 0;
		};
/* End PBXResourcesBuildPhase section */

/* Begin PBXSourcesBuildPhase section */
		2084FAFE2511001600506202 /* Sources */ = {
			isa = PBXSourcesBuildPhase;
			buildActionMask = 2147483647;
			files = (
				20786767251270B600A41F4A /* DigitLeds.swift in Sources */,
				207867652512648D00A41F4A /* DisplayDigit.swift in Sources */,
				2084FB082511001600506202 /* ContentView.swift in Sources */,
				2084FB062511001600506202 /* DigitalClockApp.swift in Sources */,
			);
			runOnlyForDeploymentPostprocessing = 0;
		};
		2084FB0F2511001700506202 /* Sources */ = {
			isa = PBXSourcesBuildPhase;
			buildActionMask = 2147483647;
			files = (
				2084FB182511001700506202 /* DigitalClockTests.swift in Sources */,
			);
			runOnlyForDeploymentPostprocessing = 0;
		};
		2084FB1A2511001700506202 /* Sources */ = {
			isa = PBXSourcesBuildPhase;
			buildActionMask = 2147483647;
			files = (
				2084FB232511001700506202 /* DigitalClockUITests.swift in Sources */,
			);
			runOnlyForDeploymentPostprocessing = 0;
		};
/* End PBXSourcesBuildPhase section */

/* Begin PBXTargetDependency section */
		2084FB152511001700506202 /* PBXTargetDependency */ = {
			isa = PBXTargetDependency;
			target = 2084FB012511001600506202 /* DigitalClock */;
			targetProxy = 2084FB142511001700506202 /* PBXContainerItemProxy */;
		};
		2084FB202511001700506202 /* PBXTargetDependency */ = {
			isa = PBXTargetDependency;
			target = 2084FB012511001600506202 /* DigitalClock */;
			targetProxy = 2084FB1F2511001700506202 /* PBXContainerItemProxy */;
		};
/* End PBXTargetDependency section */

/* Begin XCBuildConfiguration section */
		2084FB252511001700506202 /* Debug */ = {
			isa = XCBuildConfiguration;
			buildSettings = {
				ALWAYS_SEARCH_USER_PATHS = NO;
				CLANG_ANALYZER_NONNULL = YES;
				CLANG_ANALYZER_NUMBER_OBJECT_CONVERSION = YES_AGGRESSIVE;
				CLANG_CXX_LANGUAGE_STANDARD = "gnu++14";
				CLANG_CXX_LIBRARY = "libc++";
				CLANG_ENABLE_MODULES = YES;
				CLANG_ENABLE_OBJC_ARC = YES;
				CLANG_ENABLE_OBJC_WEAK = YES;
				CLANG_WARN_BLOCK_CAPTURE_AUTORELEASING = YES;
				CLANG_WARN_BOOL_CONVERSION = YES;
				CLANG_WARN_COMMA = YES;
				CLANG_WARN_CONSTANT_CONVERSION = YES;
				CLANG_WARN_DEPRECATED_OBJC_IMPLEMENTATIONS = YES;
				CLANG_WARN_DIRECT_OBJC_ISA_USAGE = YES_ERROR;
				CLANG_WARN_DOCUMENTATION_COMMENTS = YES;
				CLANG_WARN_EMPTY_BODY = YES;
				CLANG_WARN_ENUM_CONVERSION = YES;
				CLANG_WARN_INFINITE_RECURSION = YES;
				CLANG_WARN_INT_CONVERSION = YES;
				CLANG_WARN_NON_LITERAL_NULL_CONVERSION = YES;
				CLANG_WARN_OBJC_IMPLICIT_RETAIN_SELF = YES;
				CLANG_WARN_OBJC_LITERAL_CONVERSION = YES;
				CLANG_WARN_OBJC_ROOT_CLASS = YES_ERROR;
				CLANG_WARN_QUOTED_INCLUDE_IN_FRAMEWORK_HEADER = YES;
				CLANG_WARN_RANGE_LOOP_ANALYSIS = YES;
				CLANG_WARN_STRICT_PROTOTYPES = YES;
				CLANG_WARN_SUSPICIOUS_MOVE = YES;
				CLANG_WARN_UNGUARDED_AVAILABILITY = YES_AGGRESSIVE;
				CLANG_WARN_UNREACHABLE_CODE = YES;
				CLANG_WARN__DUPLICATE_METHOD_MATCH = YES;
				COPY_PHASE_STRIP = NO;
				DEBUG_INFORMATION_FORMAT = dwarf;
				ENABLE_STRICT_OBJC_MSGSEND = YES;
				ENABLE_TESTABILITY = YES;
				GCC_C_LANGUAGE_STANDARD = gnu11;
				GCC_DYNAMIC_NO_PIC = NO;
				GCC_NO_COMMON_BLOCKS = YES;
				GCC_OPTIMIZATION_LEVEL = 0;
				GCC_PREPROCESSOR_DEFINITIONS = (
					"DEBUG=1",
					"$(inherited)",
				);
				GCC_WARN_64_TO_32_BIT_CONVERSION = YES;
				GCC_WARN_ABOUT_RETURN_TYPE = YES_ERROR;
				GCC_WARN_UNDECLARED_SELECTOR = YES;
				GCC_WARN_UNINITIALIZED_AUTOS = YES_AGGRESSIVE;
				GCC_WARN_UNUSED_FUNCTION = YES;
				GCC_WARN_UNUSED_VARIABLE = YES;
				IPHONEOS_DEPLOYMENT_TARGET = 14.0;
				MTL_ENABLE_DEBUG_INFO = INCLUDE_SOURCE;
				MTL_FAST_MATH = YES;
				ONLY_ACTIVE_ARCH = YES;
				SDKROOT = iphoneos;
				SWIFT_ACTIVE_COMPILATION_CONDITIONS = DEBUG;
				SWIFT_OPTIMIZATION_LEVEL = "-Onone";
			};
			name = Debug;
		};
		2084FB262511001700506202 /* Release */ = {
			isa = XCBuildConfiguration;
			buildSettings = {
				ALWAYS_SEARCH_USER_PATHS = NO;
				CLANG_ANALYZER_NONNULL = YES;
				CLANG_ANALYZER_NUMBER_OBJECT_CONVERSION = YES_AGGRESSIVE;
				CLANG_CXX_LANGUAGE_STANDARD = "gnu++14";
				CLANG_CXX_LIBRARY = "libc++";
				CLANG_ENABLE_MODULES = YES;
				CLANG_ENABLE_OBJC_ARC = YES;
				CLANG_ENABLE_OBJC_WEAK = YES;
				CLANG_WARN_BLOCK_CAPTURE_AUTORELEASING = YES;
				CLANG_WARN_BOOL_CONVERSION = YES;
				CLANG_WARN_COMMA = YES;
				CLANG_WARN_CONSTANT_CONVERSION = YES;
				CLANG_WARN_DEPRECATED_OBJC_IMPLEMENTATIONS = YES;
				CLANG_WARN_DIRECT_OBJC_ISA_USAGE = YES_ERROR;
				CLANG_WARN_DOCUMENTATION_COMMENTS = YES;
				CLANG_WARN_EMPTY_BODY = YES;
				CLANG_WARN_ENUM_CONVERSION = YES;
				CLANG_WARN_INFINITE_RECURSION = YES;
				CLANG_WARN_INT_CONVERSION = YES;
				CLANG_WARN_NON_LITERAL_NULL_CONVERSION = YES;
				CLANG_WARN_OBJC_IMPLICIT_RETAIN_SELF = YES;
				CLANG_WARN_OBJC_LITERAL_CONVERSION = YES;
				CLANG_WARN_OBJC_ROOT_CLASS = YES_ERROR;
				CLANG_WARN_QUOTED_INCLUDE_IN_FRAMEWORK_HEADER = YES;
				CLANG_WARN_RANGE_LOOP_ANALYSIS = YES;
				CLANG_WARN_STRICT_PROTOTYPES = YES;
				CLANG_WARN_SUSPICIOUS_MOVE = YES;
				CLANG_WARN_UNGUARDED_AVAILABILITY = YES_AGGRESSIVE;
				CLANG_WARN_UNREACHABLE_CODE = YES;
				CLANG_WARN__DUPLICATE_METHOD_MATCH = YES;
				COPY_PHASE_STRIP = NO;
				DEBUG_INFORMATION_FORMAT = "dwarf-with-dsym";
				ENABLE_NS_ASSERTIONS = NO;
				ENABLE_STRICT_OBJC_MSGSEND = YES;
				GCC_C_LANGUAGE_STANDARD = gnu11;
				GCC_NO_COMMON_BLOCKS = YES;
				GCC_WARN_64_TO_32_BIT_CONVERSION = YES;
				GCC_WARN_ABOUT_RETURN_TYPE = YES_ERROR;
				GCC_WARN_UNDECLARED_SELECTOR = YES;
				GCC_WARN_UNINITIALIZED_AUTOS = YES_AGGRESSIVE;
				GCC_WARN_UNUSED_FUNCTION = YES;
				GCC_WARN_UNUSED_VARIABLE = YES;
				IPHONEOS_DEPLOYMENT_TARGET = 14.0;
				MTL_ENABLE_DEBUG_INFO = NO;
				MTL_FAST_MATH = YES;
				SDKROOT = iphoneos;
				SWIFT_COMPILATION_MODE = wholemodule;
				SWIFT_OPTIMIZATION_LEVEL = "-O";
				VALIDATE_PRODUCT = YES;
			};
			name = Release;
		};
		2084FB282511001700506202 /* Debug */ = {
			isa = XCBuildConfiguration;
			buildSettings = {
				ASSETCATALOG_COMPILER_APPICON_NAME = AppIcon;
				ASSETCATALOG_COMPILER_GLOBAL_ACCENT_COLOR_NAME = AccentColor;
				CODE_SIGN_STYLE = Automatic;
				DEVELOPMENT_ASSET_PATHS = "\"DigitalClock/Preview Content\"";
				DEVELOPMENT_TEAM = LHVZ82KD48;
				ENABLE_PREVIEWS = YES;
				INFOPLIST_FILE = DigitalClock/Info.plist;
				IPHONEOS_DEPLOYMENT_TARGET = 14.0;
				LD_RUNPATH_SEARCH_PATHS = (
					"$(inherited)",
					"@executable_path/Frameworks",
				);
				PRODUCT_BUNDLE_IDENTIFIER = com.allswiftui.DigitalClock;
				PRODUCT_NAME = "$(TARGET_NAME)";
				SWIFT_VERSION = 5.0;
				TARGETED_DEVICE_FAMILY = "1,2";
			};
			name = Debug;
		};
		2084FB292511001700506202 /* Release */ = {
			isa = XCBuildConfiguration;
			buildSettings = {
				ASSETCATALOG_COMPILER_APPICON_NAME = AppIcon;
				ASSETCATALOG_COMPILER_GLOBAL_ACCENT_COLOR_NAME = AccentColor;
				CODE_SIGN_STYLE = Automatic;
				DEVELOPMENT_ASSET_PATHS = "\"DigitalClock/Preview Content\"";
				DEVELOPMENT_TEAM = LHVZ82KD48;
				ENABLE_PREVIEWS = YES;
				INFOPLIST_FILE = DigitalClock/Info.plist;
				IPHONEOS_DEPLOYMENT_TARGET = 14.0;
				LD_RUNPATH_SEARCH_PATHS = (
					"$(inherited)",
					"@executable_path/Frameworks",
				);
				PRODUCT_BUNDLE_IDENTIFIER = com.allswiftui.DigitalClock;
				PRODUCT_NAME = "$(TARGET_NAME)";
				SWIFT_VERSION = 5.0;
				TARGETED_DEVICE_FAMILY = "1,2";
			};
			name = Release;
		};
		2084FB2B2511001700506202 /* Debug */ = {
			isa = XCBuildConfiguration;
			buildSettings = {
				ALWAYS_EMBED_SWIFT_STANDARD_LIBRARIES = YES;
				BUNDLE_LOADER = "$(TEST_HOST)";
				CODE_SIGN_STYLE = Automatic;
				DEVELOPMENT_TEAM = LHVZ82KD48;
				INFOPLIST_FILE = DigitalClockTests/Info.plist;
				IPHONEOS_DEPLOYMENT_TARGET = 14.0;
				LD_RUNPATH_SEARCH_PATHS = (
					"$(inherited)",
					"@executable_path/Frameworks",
					"@loader_path/Frameworks",
				);
				PRODUCT_BUNDLE_IDENTIFIER = com.allswiftui.DigitalClockTests;
				PRODUCT_NAME = "$(TARGET_NAME)";
				SWIFT_VERSION = 5.0;
				TARGETED_DEVICE_FAMILY = "1,2";
				TEST_HOST = "$(BUILT_PRODUCTS_DIR)/DigitalClock.app/DigitalClock";
			};
			name = Debug;
		};
		2084FB2C2511001700506202 /* Release */ = {
			isa = XCBuildConfiguration;
			buildSettings = {
				ALWAYS_EMBED_SWIFT_STANDARD_LIBRARIES = YES;
				BUNDLE_LOADER = "$(TEST_HOST)";
				CODE_SIGN_STYLE = Automatic;
				DEVELOPMENT_TEAM = LHVZ82KD48;
				INFOPLIST_FILE = DigitalClockTests/Info.plist;
				IPHONEOS_DEPLOYMENT_TARGET = 14.0;
				LD_RUNPATH_SEARCH_PATHS = (
					"$(inherited)",
					"@executable_path/Frameworks",
					"@loader_path/Frameworks",
				);
				PRODUCT_BUNDLE_IDENTIFIER = com.allswiftui.DigitalClockTests;
				PRODUCT_NAME = "$(TARGET_NAME)";
				SWIFT_VERSION = 5.0;
				TARGETED_DEVICE_FAMILY = "1,2";
				TEST_HOST = "$(BUILT_PRODUCTS_DIR)/DigitalClock.app/DigitalClock";
			};
			name = Release;
		};
		2084FB2E2511001700506202 /* Debug */ = {
			isa = XCBuildConfiguration;
			buildSettings = {
				ALWAYS_EMBED_SWIFT_STANDARD_LIBRARIES = YES;
				CODE_SIGN_STYLE = Automatic;
				DEVELOPMENT_TEAM = LHVZ82KD48;
				INFOPLIST_FILE = DigitalClockUITests/Info.plist;
				LD_RUNPATH_SEARCH_PATHS = (
					"$(inherited)",
					"@executable_path/Frameworks",
					"@loader_path/Frameworks",
				);
				PRODUCT_BUNDLE_IDENTIFIER = com.allswiftui.DigitalClockUITests;
				PRODUCT_NAME = "$(TARGET_NAME)";
				SWIFT_VERSION = 5.0;
				TARGETED_DEVICE_FAMILY = "1,2";
				TEST_TARGET_NAME = DigitalClock;
			};
			name = Debug;
		};
		2084FB2F2511001700506202 /* Release */ = {
			isa = XCBuildConfiguration;
			buildSettings = {
				ALWAYS_EMBED_SWIFT_STANDARD_LIBRARIES = YES;
				CODE_SIGN_STYLE = Automatic;
				DEVELOPMENT_TEAM = LHVZ82KD48;
				INFOPLIST_FILE = DigitalClockUITests/Info.plist;
				LD_RUNPATH_SEARCH_PATHS = (
					"$(inherited)",
					"@executable_path/Frameworks",
					"@loader_path/Frameworks",
				);
				PRODUCT_BUNDLE_IDENTIFIER = com.allswiftui.DigitalClockUITests;
				PRODUCT_NAME = "$(TARGET_NAME)";
				SWIFT_VERSION = 5.0;
				TARGETED_DEVICE_FAMILY = "1,2";
				TEST_TARGET_NAME = DigitalClock;
			};
			name = Release;
		};
/* End XCBuildConfiguration section */

/* Begin XCConfigurationList section */
		2084FAFD2511001600506202 /* Build configuration list for PBXProject "DigitalClock" */ = {
			isa = XCConfigurationList;
			buildConfigurations = (
				2084FB252511001700506202 /* Debug */,
				2084FB262511001700506202 /* Release */,
			);
			defaultConfigurationIsVisible = 0;
			defaultConfigurationName = Release;
		};
		2084FB272511001700506202 /* Build configuration list for PBXNativeTarget "DigitalClock" */ = {
			isa = XCConfigurationList;
			buildConfigurations = (
				2084FB282511001700506202 /* Debug */,
				2084FB292511001700506202 /* Release */,
			);
			defaultConfigurationIsVisible = 0;
			defaultConfigurationName = Release;
		};
		2084FB2A2511001700506202 /* Build configuration list for PBXNativeTarget "DigitalClockTests" */ = {
			isa = XCConfigurationList;
			buildConfigurations = (
				2084FB2B2511001700506202 /* Debug */,
				2084FB2C2511001700506202 /* Release */,
			);
			defaultConfigurationIsVisible = 0;
			defaultConfigurationName = Release;
		};
		2084FB2D2511001700506202 /* Build configuration list for PBXNativeTarget "DigitalClockUITests" */ = {
			isa = XCConfigurationList;
			buildConfigurations = (
				2084FB2E2511001700506202 /* Debug */,
				2084FB2F2511001700506202 /* Release */,
			);
			defaultConfigurationIsVisible = 0;
			defaultConfigurationName = Release;
		};
/* End XCConfigurationList section */
	};
	rootObject = 2084FAFA2511001600506202 /* Project object */;
}
